
Microsoft Visual Studio Solution File, Format Version 12.00
# Visual Studio Version 17
VisualStudioVersion = 17.3.32929.385
MinimumVisualStudioVersion = 10.0.40219.1
Project("{FAE04EC0-301F-11D3-BF4B-00C04F79EFBC}") = "Koleksiyonlar-Soru-1", "Koleksiyonlar-Soru-1\Koleksiyonlar-Soru-1.csproj", "{BC8AA198-35F8-4D9B-8134-2F70A302F555}"
EndProject
Global
	GlobalSection(SolutionConfigurationPlatforms) = preSolution
		Debug|Any CPU = Debug|Any CPU
		Release|Any CPU = Release|Any CPU
	EndGlobalSection
	GlobalSection(ProjectConfigurationPlatforms) = postSolution
		{BC8AA198-35F8-4D9B-8134-2F70A302F555}.Debug|Any CPU.ActiveCfg = Debug|Any CPU
		{BC8AA198-35F8-4D9B-8134-2F70A302F555}.Debug|Any CPU.Build.0 = Debug|Any CPU
		{BC8AA198-35F8-4D9B-8134-2F70A302F555}.Release|Any CPU.ActiveCfg = Release|Any CPU
		{BC8AA198-35F8-4D9B-8134-2F70A302F555}.Release|Any CPU.Build.0 = Release|Any CPU
	EndGlobalSection
	GlobalSection(SolutionProperties) = preSolution
		HideSolutionNode = FALSE
	EndGlobalSection
	GlobalSection(ExtensibilityGlobals) = postSolution
		SolutionGuid = {D6ED2471-0D72-4E28-94F1-38756E4E2AB6}
	EndGlobalSection
EndGlobal
