
Microsoft Visual Studio Solution File, Format Version 12.00
# Visual Studio Version 17
VisualStudioVersion = 17.3.32929.385
MinimumVisualStudioVersion = 10.0.40219.1
Project("{FAE04EC0-301F-11D3-BF4B-00C04F79EFBC}") = "Koleksiyonlar-Soru-2", "Koleksiyonlar-Soru-2\Koleksiyonlar-Soru-2.csproj", "{C443D06A-FFE6-4817-B200-7F88FB8A5F85}"
EndProject
Global
	GlobalSection(SolutionConfigurationPlatforms) = preSolution
		Debug|Any CPU = Debug|Any CPU
		Release|Any CPU = Release|Any CPU
	EndGlobalSection
	GlobalSection(ProjectConfigurationPlatforms) = postSolution
		{C443D06A-FFE6-4817-B200-7F88FB8A5F85}.Debug|Any CPU.ActiveCfg = Debug|Any CPU
		{C443D06A-FFE6-4817-B200-7F88FB8A5F85}.Debug|Any CPU.Build.0 = Debug|Any CPU
		{C443D06A-FFE6-4817-B200-7F88FB8A5F85}.Release|Any CPU.ActiveCfg = Release|Any CPU
		{C443D06A-FFE6-4817-B200-7F88FB8A5F85}.Release|Any CPU.Build.0 = Release|Any CPU
	EndGlobalSection
	GlobalSection(SolutionProperties) = preSolution
		HideSolutionNode = FALSE
	EndGlobalSection
	GlobalSection(ExtensibilityGlobals) = postSolution
		SolutionGuid = {07257C7D-7059-4766-AA97-8816F73A505D}
	EndGlobalSection
EndGlobal
