
Microsoft Visual Studio Solution File, Format Version 12.00
# Visual Studio Version 17
VisualStudioVersion = 17.3.32929.385
MinimumVisualStudioVersion = 10.0.40219.1
Project("{FAE04EC0-301F-11D3-BF4B-00C04F79EFBC}") = "AlgoritmaOdev1", "AlgoritmaOdev1\AlgoritmaOdev1.csproj", "{73EF8D48-B493-451F-BBBD-DD98D8C5CE46}"
EndProject
Global
	GlobalSection(SolutionConfigurationPlatforms) = preSolution
		Debug|Any CPU = Debug|Any CPU
		Release|Any CPU = Release|Any CPU
	EndGlobalSection
	GlobalSection(ProjectConfigurationPlatforms) = postSolution
		{73EF8D48-B493-451F-BBBD-DD98D8C5CE46}.Debug|Any CPU.ActiveCfg = Debug|Any CPU
		{73EF8D48-B493-451F-BBBD-DD98D8C5CE46}.Debug|Any CPU.Build.0 = Debug|Any CPU
		{73EF8D48-B493-451F-BBBD-DD98D8C5CE46}.Release|Any CPU.ActiveCfg = Release|Any CPU
		{73EF8D48-B493-451F-BBBD-DD98D8C5CE46}.Release|Any CPU.Build.0 = Release|Any CPU
	EndGlobalSection
	GlobalSection(SolutionProperties) = preSolution
		HideSolutionNode = FALSE
	EndGlobalSection
	GlobalSection(ExtensibilityGlobals) = postSolution
		SolutionGuid = {B8C0FFD3-9A6F-445E-87B8-6B9E202527D8}
	EndGlobalSection
EndGlobal
